// !$*UTF8*$!
{
	archiveVersion = 1;
	classes = {
	};
	objectVersion = 46;
	objects = {

/* Begin PBXBuildFile section */
		3BA0B82484874228B7588ADE /* libPods.a in Frameworks */ = {isa = PBXBuildFile; fileRef = 9C2B310E5B2BC9E9AF52090C /* libPods.a */; };
		660200C71EA70C7000639103 /* libXG-SDK.a in Frameworks */ = {isa = PBXBuildFile; fileRef = 660200C31EA70C7000639103 /* libXG-SDK.a */; };
		660200C81EA70C7000639103 /* ReleaseNotes.txt in Resources */ = {isa = PBXBuildFile; fileRef = 660200C41EA70C7000639103 /* ReleaseNotes.txt */; };
		6602EFCD1D88EAB60072570D /* ViewController.m in Sources */ = {isa = PBXBuildFile; fileRef = 662119901D87DF28007646C0 /* ViewController.m */; };
		6610AFC11F5E7A81000D0BE3 /* 58.png in Resources */ = {isa = PBXBuildFile; fileRef = 6610AFC01F5E7A81000D0BE3 /* 58.png */; };
		6621198B1D87DF28007646C0 /* main.m in Sources */ = {isa = PBXBuildFile; fileRef = 6621198A1D87DF28007646C0 /* main.m */; };
		6621198E1D87DF28007646C0 /* AppDelegate.m in Sources */ = {isa = PBXBuildFile; fileRef = 6621198D1D87DF28007646C0 /* AppDelegate.m */; };
		662119911D87DF28007646C0 /* ViewController.m in Sources */ = {isa = PBXBuildFile; fileRef = 662119901D87DF28007646C0 /* ViewController.m */; };
		662119961D87DF28007646C0 /* Assets.xcassets in Resources */ = {isa = PBXBuildFile; fileRef = 662119951D87DF28007646C0 /* Assets.xcassets */; };
		662119A41D87DF29007646C0 /* WKWebViewTestTests.m in Sources */ = {isa = PBXBuildFile; fileRef = 662119A31D87DF29007646C0 /* WKWebViewTestTests.m */; };
		662119AF1D87DF29007646C0 /* WKWebViewTestUITests.m in Sources */ = {isa = PBXBuildFile; fileRef = 662119AE1D87DF29007646C0 /* WKWebViewTestUITests.m */; };
		66243B021DB8594700C704AF /* InfoPlist.strings in Resources */ = {isa = PBXBuildFile; fileRef = 66243B041DB8594700C704AF /* InfoPlist.strings */; };
		66243B051DB8596300C704AF /* Localizable.strings in Resources */ = {isa = PBXBuildFile; fileRef = 66243B071DB8596300C704AF /* Localizable.strings */; };
		6629EE7A1F4566910091A660 /* rootViewController.m in Sources */ = {isa = PBXBuildFile; fileRef = 6629EE791F4566910091A660 /* rootViewController.m */; };
		663A8BC51EB2EA3E00CD49C1 /* CLLockVC.m in Sources */ = {isa = PBXBuildFile; fileRef = 663A8BA51EB2EA3E00CD49C1 /* CLLockVC.m */; };
		663A8BC61EB2EA3E00CD49C1 /* CLLockVC.xib in Resources */ = {isa = PBXBuildFile; fileRef = 663A8BA61EB2EA3E00CD49C1 /* CLLockVC.xib */; };
		663A8BC71EB2EA3E00CD49C1 /* CALayer+Anim.m in Sources */ = {isa = PBXBuildFile; fileRef = 663A8BAA1EB2EA3E00CD49C1 /* CALayer+Anim.m */; };
		663A8BC81EB2EA3E00CD49C1 /* CoreLockConst.m in Sources */ = {isa = PBXBuildFile; fileRef = 663A8BAD1EB2EA3E00CD49C1 /* CoreLockConst.m */; };
		663A8BC91EB2EA3E00CD49C1 /* CLLockNavVC.m in Sources */ = {isa = PBXBuildFile; fileRef = 663A8BB01EB2EA3E00CD49C1 /* CLLockNavVC.m */; };
		663A8BCA1EB2EA3E00CD49C1 /* CLLockInfoView.m in Sources */ = {isa = PBXBuildFile; fileRef = 663A8BB31EB2EA3E00CD49C1 /* CLLockInfoView.m */; };
		663A8BCB1EB2EA3E00CD49C1 /* CLLockItemView.m in Sources */ = {isa = PBXBuildFile; fileRef = 663A8BB51EB2EA3E00CD49C1 /* CLLockItemView.m */; };
		663A8BCC1EB2EA3E00CD49C1 /* CLLockLabel.m in Sources */ = {isa = PBXBuildFile; fileRef = 663A8BB71EB2EA3E00CD49C1 /* CLLockLabel.m */; };
		663A8BCD1EB2EA3E00CD49C1 /* CLLockMainView.m in Sources */ = {isa = PBXBuildFile; fileRef = 663A8BB91EB2EA3E00CD49C1 /* CLLockMainView.m */; };
		663A8BCE1EB2EA3E00CD49C1 /* CLLockView.m in Sources */ = {isa = PBXBuildFile; fileRef = 663A8BBB1EB2EA3E00CD49C1 /* CLLockView.m */; };
		663A8BCF1EB2EA3E00CD49C1 /* NSString+File.m in Sources */ = {isa = PBXBuildFile; fileRef = 663A8BC01EB2EA3E00CD49C1 /* NSString+File.m */; };
		663A8BD01EB2EA3E00CD49C1 /* CoreArchive.m in Sources */ = {isa = PBXBuildFile; fileRef = 663A8BC21EB2EA3E00CD49C1 /* CoreArchive.m */; };
		664BE2311EB9836800E92277 /* 2208的副本.png in Resources */ = {isa = PBXBuildFile; fileRef = 664BE2301EB9836700E92277 /* 2208的副本.png */; };
		6666F3021DC9E32B00527880 /* NotificationService.m in Sources */ = {isa = PBXBuildFile; fileRef = 6666F3011DC9E32B00527880 /* NotificationService.m */; };
		6666F3061DC9E32B00527880 /* NotificationServiceTrue.appex in Embed App Extensions */ = {isa = PBXBuildFile; fileRef = 6666F2FE1DC9E32B00527880 /* NotificationServiceTrue.appex */; settings = {ATTRIBUTES = (RemoveHeadersOnCopy, ); }; };
		6670E6DA1F444E1E0044B0E8 /* CoreGraphics.framework in Frameworks */ = {isa = PBXBuildFile; fileRef = 6670E6D91F444E1E0044B0E8 /* CoreGraphics.framework */; };
		667DAE7A1EA8B9D400B7D97E /* notificationViewController.m in Sources */ = {isa = PBXBuildFile; fileRef = 667DAE791EA8B9D400B7D97E /* notificationViewController.m */; };
		667DAE801EAA03F000B7D97E /* Main.strings in Resources */ = {isa = PBXBuildFile; fileRef = 667DAE7D1EAA03F000B7D97E /* Main.strings */; };
		66AC650B1E8E52D000F01699 /* WebKit.framework in Frameworks */ = {isa = PBXBuildFile; fileRef = 66AC650A1E8E52D000F01699 /* WebKit.framework */; };
		66B1FE6B1F455FDE00F5A7AB /* libSocialQQ.a in Frameworks */ = {isa = PBXBuildFile; fileRef = 66B1FE5A1F455FDE00F5A7AB /* libSocialQQ.a */; };
		66B1FE6C1F455FDE00F5A7AB /* libSocialSina.a in Frameworks */ = {isa = PBXBuildFile; fileRef = 66B1FE5D1F455FDE00F5A7AB /* libSocialSina.a */; };
		66B1FE6D1F455FDE00F5A7AB /* libSocialWeChat.a in Frameworks */ = {isa = PBXBuildFile; fileRef = 66B1FE601F455FDE00F5A7AB /* libSocialWeChat.a */; };
		66B1FE6E1F455FDE00F5A7AB /* UMSocialCore.framework in Frameworks */ = {isa = PBXBuildFile; fileRef = 66B1FE631F455FDE00F5A7AB /* UMSocialCore.framework */; };
		66B1FE6F1F455FDE00F5A7AB /* UMSocialNetwork.framework in Frameworks */ = {isa = PBXBuildFile; fileRef = 66B1FE641F455FDE00F5A7AB /* UMSocialNetwork.framework */; };
		66B1FE701F455FDE00F5A7AB /* UMSocialSDKPromptResources.bundle in Resources */ = {isa = PBXBuildFile; fileRef = 66B1FE651F455FDE00F5A7AB /* UMSocialSDKPromptResources.bundle */; };
		66B1FE711F455FDE00F5A7AB /* libUMSocialLog.a in Frameworks */ = {isa = PBXBuildFile; fileRef = 66B1FE671F455FDE00F5A7AB /* libUMSocialLog.a */; };
		66B1FE721F455FDE00F5A7AB /* UMSocialSDKResources.bundle in Resources */ = {isa = PBXBuildFile; fileRef = 66B1FE691F455FDE00F5A7AB /* UMSocialSDKResources.bundle */; };
		66B1FE731F455FDE00F5A7AB /* UShareUI.framework in Frameworks */ = {isa = PBXBuildFile; fileRef = 66B1FE6A1F455FDE00F5A7AB /* UShareUI.framework */; };
		66BF092F1DC0779600B45028 /* NextViewController.m in Sources */ = {isa = PBXBuildFile; fileRef = 66BF092E1DC0779600B45028 /* NextViewController.m */; };
		66C9A7BF1DB086070039FD61 /* ScroLabelView.m in Sources */ = {isa = PBXBuildFile; fileRef = 66C9A7BE1DB086070039FD61 /* ScroLabelView.m */; };
		66D16FE41E84C55900ED77F2 /* login.html in Resources */ = {isa = PBXBuildFile; fileRef = 66D16FE31E84C55900ED77F2 /* login.html */; };
		66D496F51D938972005B91D5 /* HttpManager.m in Sources */ = {isa = PBXBuildFile; fileRef = 66D496EC1D938972005B91D5 /* HttpManager.m */; };
		66D496F91D938972005B91D5 /* QFLineLabel.m in Sources */ = {isa = PBXBuildFile; fileRef = 66D496F41D938972005B91D5 /* QFLineLabel.m */; };
		66D56E311D9B651600D14E31 /* index.html in Resources */ = {isa = PBXBuildFile; fileRef = 66D56E301D9B651600D14E31 /* index.html */; };
		66DFFDEE1D9518DB004DCAA8 /* Images.xcassets in Resources */ = {isa = PBXBuildFile; fileRef = 66DFFDED1D9518DB004DCAA8 /* Images.xcassets */; };
		66EA889B1DC988B3009A6D21 /* UserNotifications.framework in Frameworks */ = {isa = PBXBuildFile; fileRef = 66EA889A1DC988B3009A6D21 /* UserNotifications.framework */; };
		66F63EC91D8FB76000B2D379 /* CFNetwork.framework in Frameworks */ = {isa = PBXBuildFile; fileRef = 66F63EC81D8FB76000B2D379 /* CFNetwork.framework */; };
		66F63ECB1D8FB77300B2D379 /* SystemConfiguration.framework in Frameworks */ = {isa = PBXBuildFile; fileRef = 66F63ECA1D8FB77300B2D379 /* SystemConfiguration.framework */; };
		66F63ECD1D8FB78500B2D379 /* CoreTelephony.framework in Frameworks */ = {isa = PBXBuildFile; fileRef = 66F63ECC1D8FB78500B2D379 /* CoreTelephony.framework */; };
		66F63ED11D8FB86D00B2D379 /* Security.framework in Frameworks */ = {isa = PBXBuildFile; fileRef = 66F63ED01D8FB86D00B2D379 /* Security.framework */; };
		66F63ED31D8FB8F200B2D379 /* libsqlite3.tbd in Frameworks */ = {isa = PBXBuildFile; fileRef = 66F63ED21D8FB8F200B2D379 /* libsqlite3.tbd */; };
		66F63ED41D8FB90400B2D379 /* libz.tbd in Frameworks */ = {isa = PBXBuildFile; fileRef = 66F63ECE1D8FB7F400B2D379 /* libz.tbd */; };
		66FC09501EBB0205001093A0 /* left.png in Resources */ = {isa = PBXBuildFile; fileRef = 66FC094F1EBB0205001093A0 /* left.png */; };
/* End PBXBuildFile section */

/* Begin PBXContainerItemProxy section */
		662119A01D87DF29007646C0 /* PBXContainerItemProxy */ = {
			isa = PBXContainerItemProxy;
			containerPortal = 6621197E1D87DF28007646C0 /* Project object */;
			proxyType = 1;
			remoteGlobalIDString = 662119851D87DF28007646C0;
			remoteInfo = WKWebViewTest;
		};
		662119AB1D87DF29007646C0 /* PBXContainerItemProxy */ = {
			isa = PBXContainerItemProxy;
			containerPortal = 6621197E1D87DF28007646C0 /* Project object */;
			proxyType = 1;
			remoteGlobalIDString = 662119851D87DF28007646C0;
			remoteInfo = WKWebViewTest;
		};
		6666F3041DC9E32B00527880 /* PBXContainerItemProxy */ = {
			isa = PBXContainerItemProxy;
			containerPortal = 6621197E1D87DF28007646C0 /* Project object */;
			proxyType = 1;
			remoteGlobalIDString = 6666F2FD1DC9E32B00527880;
			remoteInfo = NotificationServiceTrue;
		};
/* End PBXContainerItemProxy section */

/* Begin PBXCopyFilesBuildPhase section */
		6666F30A1DC9E32B00527880 /* Embed App Extensions */ = {
			isa = PBXCopyFilesBuildPhase;
			buildActionMask = 2147483647;
			dstPath = "";
			dstSubfolderSpec = 13;
			files = (
				6666F3061DC9E32B00527880 /* NotificationServiceTrue.appex in Embed App Extensions */,
			);
			name = "Embed App Extensions";
			runOnlyForDeploymentPostprocessing = 0;
		};
/* End PBXCopyFilesBuildPhase section */

/* Begin PBXFileReference section */
		576CD6B3704E84208FEFFF1A /* Pods.debug.xcconfig */ = {isa = PBXFileReference; includeInIndex = 1; lastKnownFileType = text.xcconfig; name = Pods.debug.xcconfig; path = "Pods/Target Support Files/Pods/Pods.debug.xcconfig"; sourceTree = "<group>"; };
		5BDF35A96AF9A487972C1CB5 /* Pods.release.xcconfig */ = {isa = PBXFileReference; includeInIndex = 1; lastKnownFileType = text.xcconfig; name = Pods.release.xcconfig; path = "Pods/Target Support Files/Pods/Pods.release.xcconfig"; sourceTree = "<group>"; };
		660200C31EA70C7000639103 /* libXG-SDK.a */ = {isa = PBXFileReference; lastKnownFileType = archive.ar; path = "libXG-SDK.a"; sourceTree = "<group>"; };
		660200C41EA70C7000639103 /* ReleaseNotes.txt */ = {isa = PBXFileReference; fileEncoding = 4; lastKnownFileType = text; path = ReleaseNotes.txt; sourceTree = "<group>"; };
		660200C51EA70C7000639103 /* XGPush.h */ = {isa = PBXFileReference; fileEncoding = 4; lastKnownFileType = sourcecode.c.h; path = XGPush.h; sourceTree = "<group>"; };
		660200C61EA70C7000639103 /* XGSetting.h */ = {isa = PBXFileReference; fileEncoding = 4; lastKnownFileType = sourcecode.c.h; path = XGSetting.h; sourceTree = "<group>"; };
		6610AFC01F5E7A81000D0BE3 /* 58.png */ = {isa = PBXFileReference; lastKnownFileType = image.png; path = 58.png; sourceTree = "<group>"; };
		662119861D87DF28007646C0 /* WKWebViewTest.app */ = {isa = PBXFileReference; explicitFileType = wrapper.application; includeInIndex = 0; path = WKWebViewTest.app; sourceTree = BUILT_PRODUCTS_DIR; };
		6621198A1D87DF28007646C0 /* main.m */ = {isa = PBXFileReference; lastKnownFileType = sourcecode.c.objc; path = main.m; sourceTree = "<group>"; };
		6621198C1D87DF28007646C0 /* AppDelegate.h */ = {isa = PBXFileReference; lastKnownFileType = sourcecode.c.h; path = AppDelegate.h; sourceTree = "<group>"; };
		6621198D1D87DF28007646C0 /* AppDelegate.m */ = {isa = PBXFileReference; lastKnownFileType = sourcecode.c.objc; path = AppDelegate.m; sourceTree = "<group>"; };
		6621198F1D87DF28007646C0 /* ViewController.h */ = {isa = PBXFileReference; lastKnownFileType = sourcecode.c.h; path = ViewController.h; sourceTree = "<group>"; };
		662119901D87DF28007646C0 /* ViewController.m */ = {isa = PBXFileReference; lastKnownFileType = sourcecode.c.objc; path = ViewController.m; sourceTree = "<group>"; };
		662119951D87DF28007646C0 /* Assets.xcassets */ = {isa = PBXFileReference; lastKnownFileType = folder.assetcatalog; path = Assets.xcassets; sourceTree = "<group>"; };
		6621199A1D87DF28007646C0 /* Info.plist */ = {isa = PBXFileReference; lastKnownFileType = text.plist.xml; path = Info.plist; sourceTree = "<group>"; };
		6621199F1D87DF29007646C0 /* WKWebViewTestTests.xctest */ = {isa = PBXFileReference; explicitFileType = wrapper.cfbundle; includeInIndex = 0; path = WKWebViewTestTests.xctest; sourceTree = BUILT_PRODUCTS_DIR; };
		662119A31D87DF29007646C0 /* WKWebViewTestTests.m */ = {isa = PBXFileReference; lastKnownFileType = sourcecode.c.objc; path = WKWebViewTestTests.m; sourceTree = "<group>"; };
		662119A51D87DF29007646C0 /* Info.plist */ = {isa = PBXFileReference; lastKnownFileType = text.plist.xml; path = Info.plist; sourceTree = "<group>"; };
		662119AA1D87DF29007646C0 /* WKWebViewTestUITests.xctest */ = {isa = PBXFileReference; explicitFileType = wrapper.cfbundle; includeInIndex = 0; path = WKWebViewTestUITests.xctest; sourceTree = BUILT_PRODUCTS_DIR; };
		662119AE1D87DF29007646C0 /* WKWebViewTestUITests.m */ = {isa = PBXFileReference; lastKnownFileType = sourcecode.c.objc; path = WKWebViewTestUITests.m; sourceTree = "<group>"; };
		662119B01D87DF29007646C0 /* Info.plist */ = {isa = PBXFileReference; lastKnownFileType = text.plist.xml; path = Info.plist; sourceTree = "<group>"; };
		66243B031DB8594700C704AF /* zh-Hans */ = {isa = PBXFileReference; lastKnownFileType = text.plist.strings; name = "zh-Hans"; path = "zh-Hans.lproj/InfoPlist.strings"; sourceTree = "<group>"; };
		66243B061DB8596300C704AF /* zh-Hans */ = {isa = PBXFileReference; lastKnownFileType = text.plist.strings; name = "zh-Hans"; path = "zh-Hans.lproj/Localizable.strings"; sourceTree = "<group>"; };
		6629EE781F4566910091A660 /* rootViewController.h */ = {isa = PBXFileReference; fileEncoding = 4; lastKnownFileType = sourcecode.c.h; path = rootViewController.h; sourceTree = "<group>"; };
		6629EE791F4566910091A660 /* rootViewController.m */ = {isa = PBXFileReference; fileEncoding = 4; lastKnownFileType = sourcecode.c.objc; path = rootViewController.m; sourceTree = "<group>"; };
		663A8BA41EB2EA3E00CD49C1 /* CLLockVC.h */ = {isa = PBXFileReference; fileEncoding = 4; lastKnownFileType = sourcecode.c.h; path = CLLockVC.h; sourceTree = "<group>"; };
		663A8BA51EB2EA3E00CD49C1 /* CLLockVC.m */ = {isa = PBXFileReference; fileEncoding = 4; lastKnownFileType = sourcecode.c.objc; path = CLLockVC.m; sourceTree = "<group>"; };
		663A8BA61EB2EA3E00CD49C1 /* CLLockVC.xib */ = {isa = PBXFileReference; fileEncoding = 4; lastKnownFileType = file.xib; path = CLLockVC.xib; sourceTree = "<group>"; };
		663A8BA91EB2EA3E00CD49C1 /* CALayer+Anim.h */ = {isa = PBXFileReference; fileEncoding = 4; lastKnownFileType = sourcecode.c.h; path = "CALayer+Anim.h"; sourceTree = "<group>"; };
		663A8BAA1EB2EA3E00CD49C1 /* CALayer+Anim.m */ = {isa = PBXFileReference; fileEncoding = 4; lastKnownFileType = sourcecode.c.objc; path = "CALayer+Anim.m"; sourceTree = "<group>"; };
		663A8BAC1EB2EA3E00CD49C1 /* CoreLockConst.h */ = {isa = PBXFileReference; fileEncoding = 4; lastKnownFileType = sourcecode.c.h; path = CoreLockConst.h; sourceTree = "<group>"; };
		663A8BAD1EB2EA3E00CD49C1 /* CoreLockConst.m */ = {isa = PBXFileReference; fileEncoding = 4; lastKnownFileType = sourcecode.c.objc; path = CoreLockConst.m; sourceTree = "<group>"; };
		663A8BAF1EB2EA3E00CD49C1 /* CLLockNavVC.h */ = {isa = PBXFileReference; fileEncoding = 4; lastKnownFileType = sourcecode.c.h; path = CLLockNavVC.h; sourceTree = "<group>"; };
		663A8BB01EB2EA3E00CD49C1 /* CLLockNavVC.m */ = {isa = PBXFileReference; fileEncoding = 4; lastKnownFileType = sourcecode.c.objc; path = CLLockNavVC.m; sourceTree = "<group>"; };
		663A8BB21EB2EA3E00CD49C1 /* CLLockInfoView.h */ = {isa = PBXFileReference; fileEncoding = 4; lastKnownFileType = sourcecode.c.h; path = CLLockInfoView.h; sourceTree = "<group>"; };
		663A8BB31EB2EA3E00CD49C1 /* CLLockInfoView.m */ = {isa = PBXFileReference; fileEncoding = 4; lastKnownFileType = sourcecode.c.objc; path = CLLockInfoView.m; sourceTree = "<group>"; };
		663A8BB41EB2EA3E00CD49C1 /* CLLockItemView.h */ = {isa = PBXFileReference; fileEncoding = 4; lastKnownFileType = sourcecode.c.h; path = CLLockItemView.h; sourceTree = "<group>"; };
		663A8BB51EB2EA3E00CD49C1 /* CLLockItemView.m */ = {isa = PBXFileReference; fileEncoding = 4; lastKnownFileType = sourcecode.c.objc; path = CLLockItemView.m; sourceTree = "<group>"; };
		663A8BB61EB2EA3E00CD49C1 /* CLLockLabel.h */ = {isa = PBXFileReference; fileEncoding = 4; lastKnownFileType = sourcecode.c.h; path = CLLockLabel.h; sourceTree = "<group>"; };
		663A8BB71EB2EA3E00CD49C1 /* CLLockLabel.m */ = {isa = PBXFileReference; fileEncoding = 4; lastKnownFileType = sourcecode.c.objc; path = CLLockLabel.m; sourceTree = "<group>"; };
		663A8BB81EB2EA3E00CD49C1 /* CLLockMainView.h */ = {isa = PBXFileReference; fileEncoding = 4; lastKnownFileType = sourcecode.c.h; path = CLLockMainView.h; sourceTree = "<group>"; };
		663A8BB91EB2EA3E00CD49C1 /* CLLockMainView.m */ = {isa = PBXFileReference; fileEncoding = 4; lastKnownFileType = sourcecode.c.objc; path = CLLockMainView.m; sourceTree = "<group>"; };
		663A8BBA1EB2EA3E00CD49C1 /* CLLockView.h */ = {isa = PBXFileReference; fileEncoding = 4; lastKnownFileType = sourcecode.c.h; path = CLLockView.h; sourceTree = "<group>"; };
		663A8BBB1EB2EA3E00CD49C1 /* CLLockView.m */ = {isa = PBXFileReference; fileEncoding = 4; lastKnownFileType = sourcecode.c.objc; path = CLLockView.m; sourceTree = "<group>"; };
		663A8BBF1EB2EA3E00CD49C1 /* NSString+File.h */ = {isa = PBXFileReference; fileEncoding = 4; lastKnownFileType = sourcecode.c.h; path = "NSString+File.h"; sourceTree = "<group>"; };
		663A8BC01EB2EA3E00CD49C1 /* NSString+File.m */ = {isa = PBXFileReference; fileEncoding = 4; lastKnownFileType = sourcecode.c.objc; path = "NSString+File.m"; sourceTree = "<group>"; };
		663A8BC11EB2EA3E00CD49C1 /* CoreArchive.h */ = {isa = PBXFileReference; fileEncoding = 4; lastKnownFileType = sourcecode.c.h; path = CoreArchive.h; sourceTree = "<group>"; };
		663A8BC21EB2EA3E00CD49C1 /* CoreArchive.m */ = {isa = PBXFileReference; fileEncoding = 4; lastKnownFileType = sourcecode.c.objc; path = CoreArchive.m; sourceTree = "<group>"; };
		663A8BC41EB2EA3E00CD49C1 /* CoreConst.h */ = {isa = PBXFileReference; fileEncoding = 4; lastKnownFileType = sourcecode.c.h; path = CoreConst.h; sourceTree = "<group>"; };
		664BE2301EB9836700E92277 /* 2208的副本.png */ = {isa = PBXFileReference; lastKnownFileType = image.png; path = "2208的副本.png"; sourceTree = "<group>"; };
		6666F2FE1DC9E32B00527880 /* NotificationServiceTrue.appex */ = {isa = PBXFileReference; explicitFileType = "wrapper.app-extension"; includeInIndex = 0; path = NotificationServiceTrue.appex; sourceTree = BUILT_PRODUCTS_DIR; };
		6666F3001DC9E32B00527880 /* NotificationService.h */ = {isa = PBXFileReference; lastKnownFileType = sourcecode.c.h; path = NotificationService.h; sourceTree = "<group>"; };
		6666F3011DC9E32B00527880 /* NotificationService.m */ = {isa = PBXFileReference; lastKnownFileType = sourcecode.c.objc; path = NotificationService.m; sourceTree = "<group>"; };
		6666F3031DC9E32B00527880 /* Info.plist */ = {isa = PBXFileReference; lastKnownFileType = text.plist.xml; path = Info.plist; sourceTree = "<group>"; };
		6670E6D91F444E1E0044B0E8 /* CoreGraphics.framework */ = {isa = PBXFileReference; lastKnownFileType = wrapper.framework; name = CoreGraphics.framework; path = System/Library/Frameworks/CoreGraphics.framework; sourceTree = SDKROOT; };
		667DAE781EA8B9D400B7D97E /* notificationViewController.h */ = {isa = PBXFileReference; fileEncoding = 4; lastKnownFileType = sourcecode.c.h; path = notificationViewController.h; sourceTree = "<group>"; };
		667DAE791EA8B9D400B7D97E /* notificationViewController.m */ = {isa = PBXFileReference; fileEncoding = 4; lastKnownFileType = sourcecode.c.objc; path = notificationViewController.m; sourceTree = "<group>"; };
		667DAE7D1EAA03F000B7D97E /* Main.strings */ = {isa = PBXFileReference; fileEncoding = 4; lastKnownFileType = text.plist.strings; path = Main.strings; sourceTree = "<group>"; };
		66AC650A1E8E52D000F01699 /* WebKit.framework */ = {isa = PBXFileReference; lastKnownFileType = wrapper.framework; name = WebKit.framework; path = System/Library/Frameworks/WebKit.framework; sourceTree = SDKROOT; };
		66B1FE5A1F455FDE00F5A7AB /* libSocialQQ.a */ = {isa = PBXFileReference; lastKnownFileType = archive.ar; path = libSocialQQ.a; sourceTree = "<group>"; };
		66B1FE5B1F455FDE00F5A7AB /* UMSocialQQHandler.h */ = {isa = PBXFileReference; fileEncoding = 4; lastKnownFileType = sourcecode.c.h; path = UMSocialQQHandler.h; sourceTree = "<group>"; };
		66B1FE5D1F455FDE00F5A7AB /* libSocialSina.a */ = {isa = PBXFileReference; lastKnownFileType = archive.ar; path = libSocialSina.a; sourceTree = "<group>"; };
		66B1FE5E1F455FDE00F5A7AB /* UMSocialSinaHandler.h */ = {isa = PBXFileReference; fileEncoding = 4; lastKnownFileType = sourcecode.c.h; path = UMSocialSinaHandler.h; sourceTree = "<group>"; };
		66B1FE601F455FDE00F5A7AB /* libSocialWeChat.a */ = {isa = PBXFileReference; lastKnownFileType = archive.ar; path = libSocialWeChat.a; sourceTree = "<group>"; };
		66B1FE611F455FDE00F5A7AB /* UMSocialWechatHandler.h */ = {isa = PBXFileReference; fileEncoding = 4; lastKnownFileType = sourcecode.c.h; path = UMSocialWechatHandler.h; sourceTree = "<group>"; };
		66B1FE631F455FDE00F5A7AB /* UMSocialCore.framework */ = {isa = PBXFileReference; lastKnownFileType = wrapper.framework; path = UMSocialCore.framework; sourceTree = "<group>"; };
		66B1FE641F455FDE00F5A7AB /* UMSocialNetwork.framework */ = {isa = PBXFileReference; lastKnownFileType = wrapper.framework; path = UMSocialNetwork.framework; sourceTree = "<group>"; };
		66B1FE651F455FDE00F5A7AB /* UMSocialSDKPromptResources.bundle */ = {isa = PBXFileReference; lastKnownFileType = "wrapper.plug-in"; path = UMSocialSDKPromptResources.bundle; sourceTree = "<group>"; };
		66B1FE671F455FDE00F5A7AB /* libUMSocialLog.a */ = {isa = PBXFileReference; lastKnownFileType = archive.ar; path = libUMSocialLog.a; sourceTree = "<group>"; };
		66B1FE691F455FDE00F5A7AB /* UMSocialSDKResources.bundle */ = {isa = PBXFileReference; lastKnownFileType = "wrapper.plug-in"; path = UMSocialSDKResources.bundle; sourceTree = "<group>"; };
		66B1FE6A1F455FDE00F5A7AB /* UShareUI.framework */ = {isa = PBXFileReference; lastKnownFileType = wrapper.framework; path = UShareUI.framework; sourceTree = "<group>"; };
		66BF092D1DC0779600B45028 /* NextViewController.h */ = {isa = PBXFileReference; fileEncoding = 4; lastKnownFileType = sourcecode.c.h; path = NextViewController.h; sourceTree = "<group>"; };
		66BF092E1DC0779600B45028 /* NextViewController.m */ = {isa = PBXFileReference; fileEncoding = 4; lastKnownFileType = sourcecode.c.objc; path = NextViewController.m; sourceTree = "<group>"; };
		66C9A7BD1DB086070039FD61 /* ScroLabelView.h */ = {isa = PBXFileReference; fileEncoding = 4; lastKnownFileType = sourcecode.c.h; path = ScroLabelView.h; sourceTree = "<group>"; };
		66C9A7BE1DB086070039FD61 /* ScroLabelView.m */ = {isa = PBXFileReference; fileEncoding = 4; lastKnownFileType = sourcecode.c.objc; path = ScroLabelView.m; sourceTree = "<group>"; };
		66CCD8A21DCB23A300C3151F /* UserNotificationsUI.framework */ = {isa = PBXFileReference; lastKnownFileType = wrapper.framework; name = UserNotificationsUI.framework; path = System/Library/Frameworks/UserNotificationsUI.framework; sourceTree = SDKROOT; };
		66D16FE31E84C55900ED77F2 /* login.html */ = {isa = PBXFileReference; fileEncoding = 4; lastKnownFileType = text.html; path = login.html; sourceTree = "<group>"; };
		66D496E91D9381B5005B91D5 /* Define.h */ = {isa = PBXFileReference; lastKnownFileType = sourcecode.c.h; path = Define.h; sourceTree = "<group>"; };
		66D496EA1D93839C005B91D5 /* PrefixHeader.pch */ = {isa = PBXFileReference; lastKnownFileType = sourcecode.c.h; path = PrefixHeader.pch; sourceTree = "<group>"; };
		66D496EB1D938972005B91D5 /* HttpManager.h */ = {isa = PBXFileReference; fileEncoding = 4; lastKnownFileType = sourcecode.c.h; path = HttpManager.h; sourceTree = "<group>"; };
		66D496EC1D938972005B91D5 /* HttpManager.m */ = {isa = PBXFileReference; fileEncoding = 4; lastKnownFileType = sourcecode.c.objc; path = HttpManager.m; sourceTree = "<group>"; };
		66D496F31D938972005B91D5 /* QFLineLabel.h */ = {isa = PBXFileReference; fileEncoding = 4; lastKnownFileType = sourcecode.c.h; path = QFLineLabel.h; sourceTree = "<group>"; };
		66D496F41D938972005B91D5 /* QFLineLabel.m */ = {isa = PBXFileReference; fileEncoding = 4; lastKnownFileType = sourcecode.c.objc; path = QFLineLabel.m; sourceTree = "<group>"; };
		66D56E301D9B651600D14E31 /* index.html */ = {isa = PBXFileReference; fileEncoding = 4; lastKnownFileType = text.html; path = index.html; sourceTree = "<group>"; };
		66DFFDED1D9518DB004DCAA8 /* Images.xcassets */ = {isa = PBXFileReference; lastKnownFileType = folder.assetcatalog; path = Images.xcassets; sourceTree = "<group>"; };
		66E355F51DC8419800782C0B /* WKWebViewTest.entitlements */ = {isa = PBXFileReference; lastKnownFileType = text.plist.entitlements; path = WKWebViewTest.entitlements; sourceTree = "<group>"; };
		66EA889A1DC988B3009A6D21 /* UserNotifications.framework */ = {isa = PBXFileReference; lastKnownFileType = wrapper.framework; name = UserNotifications.framework; path = System/Library/Frameworks/UserNotifications.framework; sourceTree = SDKROOT; };
		66F63EC81D8FB76000B2D379 /* CFNetwork.framework */ = {isa = PBXFileReference; lastKnownFileType = wrapper.framework; name = CFNetwork.framework; path = System/Library/Frameworks/CFNetwork.framework; sourceTree = SDKROOT; };
		66F63ECA1D8FB77300B2D379 /* SystemConfiguration.framework */ = {isa = PBXFileReference; lastKnownFileType = wrapper.framework; name = SystemConfiguration.framework; path = System/Library/Frameworks/SystemConfiguration.framework; sourceTree = SDKROOT; };
		66F63ECC1D8FB78500B2D379 /* CoreTelephony.framework */ = {isa = PBXFileReference; lastKnownFileType = wrapper.framework; name = CoreTelephony.framework; path = System/Library/Frameworks/CoreTelephony.framework; sourceTree = SDKROOT; };
		66F63ECE1D8FB7F400B2D379 /* libz.tbd */ = {isa = PBXFileReference; lastKnownFileType = "sourcecode.text-based-dylib-definition"; name = libz.tbd; path = usr/lib/libz.tbd; sourceTree = SDKROOT; };
		66F63ED01D8FB86D00B2D379 /* Security.framework */ = {isa = PBXFileReference; lastKnownFileType = wrapper.framework; name = Security.framework; path = System/Library/Frameworks/Security.framework; sourceTree = SDKROOT; };
		66F63ED21D8FB8F200B2D379 /* libsqlite3.tbd */ = {isa = PBXFileReference; lastKnownFileType = "sourcecode.text-based-dylib-definition"; name = libsqlite3.tbd; path = usr/lib/libsqlite3.tbd; sourceTree = SDKROOT; };
		66FC094F1EBB0205001093A0 /* left.png */ = {isa = PBXFileReference; lastKnownFileType = image.png; path = left.png; sourceTree = "<group>"; };
		9C2B310E5B2BC9E9AF52090C /* libPods.a */ = {isa = PBXFileReference; explicitFileType = archive.ar; includeInIndex = 0; path = libPods.a; sourceTree = BUILT_PRODUCTS_DIR; };
/* End PBXFileReference section */

/* Begin PBXFrameworksBuildPhase section */
		662119831D87DF28007646C0 /* Frameworks */ = {
			isa = PBXFrameworksBuildPhase;
			buildActionMask = 2147483647;
			files = (
				66B1FE6C1F455FDE00F5A7AB /* libSocialSina.a in Frameworks */,
				66B1FE6B1F455FDE00F5A7AB /* libSocialQQ.a in Frameworks */,
				6670E6DA1F444E1E0044B0E8 /* CoreGraphics.framework in Frameworks */,
				66AC650B1E8E52D000F01699 /* WebKit.framework in Frameworks */,
				66EA889B1DC988B3009A6D21 /* UserNotifications.framework in Frameworks */,
				66B1FE711F455FDE00F5A7AB /* libUMSocialLog.a in Frameworks */,
				66F63ED41D8FB90400B2D379 /* libz.tbd in Frameworks */,
				66F63ED31D8FB8F200B2D379 /* libsqlite3.tbd in Frameworks */,
				66B1FE731F455FDE00F5A7AB /* UShareUI.framework in Frameworks */,
				66F63ED11D8FB86D00B2D379 /* Security.framework in Frameworks */,
				660200C71EA70C7000639103 /* libXG-SDK.a in Frameworks */,
				66F63ECD1D8FB78500B2D379 /* CoreTelephony.framework in Frameworks */,
				66B1FE6E1F455FDE00F5A7AB /* UMSocialCore.framework in Frameworks */,
				66B1FE6D1F455FDE00F5A7AB /* libSocialWeChat.a in Frameworks */,
				66B1FE6F1F455FDE00F5A7AB /* UMSocialNetwork.framework in Frameworks */,
				66F63ECB1D8FB77300B2D379 /* SystemConfiguration.framework in Frameworks */,
				66F63EC91D8FB76000B2D379 /* CFNetwork.framework in Frameworks */,
				3BA0B82484874228B7588ADE /* libPods.a in Frameworks */,
			);
			runOnlyForDeploymentPostprocessing = 0;
		};
		6621199C1D87DF29007646C0 /* Frameworks */ = {
			isa = PBXFrameworksBuildPhase;
			buildActionMask = 2147483647;
			files = (
			);
			runOnlyForDeploymentPostprocessing = 0;
		};
		662119A71D87DF29007646C0 /* Frameworks */ = {
			isa = PBXFrameworksBuildPhase;
			buildActionMask = 2147483647;
			files = (
			);
			runOnlyForDeploymentPostprocessing = 0;
		};
		6666F2FB1DC9E32B00527880 /* Frameworks */ = {
			isa = PBXFrameworksBuildPhase;
			buildActionMask = 2147483647;
			files = (
			);
			runOnlyForDeploymentPostprocessing = 0;
		};
/* End PBXFrameworksBuildPhase section */

/* Begin PBXGroup section */
		341809244A940CD92CC5F440 /* Frameworks */ = {
			isa = PBXGroup;
			children = (
				6670E6D91F444E1E0044B0E8 /* CoreGraphics.framework */,
				66AC650A1E8E52D000F01699 /* WebKit.framework */,
				66EA889A1DC988B3009A6D21 /* UserNotifications.framework */,
				66F63ED21D8FB8F200B2D379 /* libsqlite3.tbd */,
				66F63ED01D8FB86D00B2D379 /* Security.framework */,
				66F63ECE1D8FB7F400B2D379 /* libz.tbd */,
				66F63ECC1D8FB78500B2D379 /* CoreTelephony.framework */,
				66F63ECA1D8FB77300B2D379 /* SystemConfiguration.framework */,
				66F63EC81D8FB76000B2D379 /* CFNetwork.framework */,
				9C2B310E5B2BC9E9AF52090C /* libPods.a */,
				66CCD8A21DCB23A300C3151F /* UserNotificationsUI.framework */,
			);
			name = Frameworks;
			sourceTree = "<group>";
		};
		660200C21EA70C7000639103 /* sdk */ = {
			isa = PBXGroup;
			children = (
				660200C31EA70C7000639103 /* libXG-SDK.a */,
				660200C41EA70C7000639103 /* ReleaseNotes.txt */,
				660200C51EA70C7000639103 /* XGPush.h */,
				660200C61EA70C7000639103 /* XGSetting.h */,
			);
			path = sdk;
			sourceTree = "<group>";
		};
		6621197D1D87DF28007646C0 = {
			isa = PBXGroup;
			children = (
				66B1FE571F455FDE00F5A7AB /* UMSocial */,
				660200C21EA70C7000639103 /* sdk */,
				66D496E81D938164005B91D5 /* Utilities */,
				662119881D87DF28007646C0 /* WKWebViewTest */,
				662119A21D87DF29007646C0 /* WKWebViewTestTests */,
				662119AD1D87DF29007646C0 /* WKWebViewTestUITests */,
				662119871D87DF28007646C0 /* Products */,
				66C7E29698C6237DDA8E8893 /* Pods */,
				341809244A940CD92CC5F440 /* Frameworks */,
			);
			sourceTree = "<group>";
		};
		662119871D87DF28007646C0 /* Products */ = {
			isa = PBXGroup;
			children = (
				662119861D87DF28007646C0 /* WKWebViewTest.app */,
				6621199F1D87DF29007646C0 /* WKWebViewTestTests.xctest */,
				662119AA1D87DF29007646C0 /* WKWebViewTestUITests.xctest */,
				6666F2FE1DC9E32B00527880 /* NotificationServiceTrue.appex */,
			);
			name = Products;
			sourceTree = "<group>";
		};
		662119881D87DF28007646C0 /* WKWebViewTest */ = {
			isa = PBXGroup;
			children = (
				663A8BA31EB2EA3E00CD49C1 /* CoreLock */,
				663A8BBC1EB2EA3E00CD49C1 /* FrameWork */,
				667DAE751EA8A49800B7D97E /* image */,
				6666F2FF1DC9E32B00527880 /* NotificationServiceTrue */,
				66E355F51DC8419800782C0B /* WKWebViewTest.entitlements */,
				6621198C1D87DF28007646C0 /* AppDelegate.h */,
				6621198D1D87DF28007646C0 /* AppDelegate.m */,
				66D16FE31E84C55900ED77F2 /* login.html */,
				6621198F1D87DF28007646C0 /* ViewController.h */,
				662119901D87DF28007646C0 /* ViewController.m */,
				6629EE781F4566910091A660 /* rootViewController.h */,
				6629EE791F4566910091A660 /* rootViewController.m */,
				66BF092D1DC0779600B45028 /* NextViewController.h */,
				66BF092E1DC0779600B45028 /* NextViewController.m */,
				667DAE781EA8B9D400B7D97E /* notificationViewController.h */,
				667DAE791EA8B9D400B7D97E /* notificationViewController.m */,
				667DAE7D1EAA03F000B7D97E /* Main.strings */,
				662119951D87DF28007646C0 /* Assets.xcassets */,
				6621199A1D87DF28007646C0 /* Info.plist */,
				66DFFDED1D9518DB004DCAA8 /* Images.xcassets */,
				662119891D87DF28007646C0 /* Supporting Files */,
				66243B041DB8594700C704AF /* InfoPlist.strings */,
				66243B071DB8596300C704AF /* Localizable.strings */,
			);
			path = WKWebViewTest;
			sourceTree = "<group>";
		};
		662119891D87DF28007646C0 /* Supporting Files */ = {
			isa = PBXGroup;
			children = (
				6621198A1D87DF28007646C0 /* main.m */,
			);
			name = "Supporting Files";
			sourceTree = "<group>";
		};
		662119A21D87DF29007646C0 /* WKWebViewTestTests */ = {
			isa = PBXGroup;
			children = (
				662119A31D87DF29007646C0 /* WKWebViewTestTests.m */,
				662119A51D87DF29007646C0 /* Info.plist */,
			);
			path = WKWebViewTestTests;
			sourceTree = "<group>";
		};
		662119AD1D87DF29007646C0 /* WKWebViewTestUITests */ = {
			isa = PBXGroup;
			children = (
				662119AE1D87DF29007646C0 /* WKWebViewTestUITests.m */,
				662119B01D87DF29007646C0 /* Info.plist */,
			);
			path = WKWebViewTestUITests;
			sourceTree = "<group>";
		};
		663A8BA31EB2EA3E00CD49C1 /* CoreLock */ = {
			isa = PBXGroup;
			children = (
				663A8BA41EB2EA3E00CD49C1 /* CLLockVC.h */,
				663A8BA51EB2EA3E00CD49C1 /* CLLockVC.m */,
				663A8BA61EB2EA3E00CD49C1 /* CLLockVC.xib */,
				663A8BA71EB2EA3E00CD49C1 /* Lib */,
			);
			path = CoreLock;
			sourceTree = "<group>";
		};
		663A8BA71EB2EA3E00CD49C1 /* Lib */ = {
			isa = PBXGroup;
			children = (
				663A8BA81EB2EA3E00CD49C1 /* Category */,
				663A8BAB1EB2EA3E00CD49C1 /* Const */,
				663A8BAE1EB2EA3E00CD49C1 /* Controller */,
				663A8BB11EB2EA3E00CD49C1 /* View */,
			);
			path = Lib;
			sourceTree = "<group>";
		};
		663A8BA81EB2EA3E00CD49C1 /* Category */ = {
			isa = PBXGroup;
			children = (
				663A8BA91EB2EA3E00CD49C1 /* CALayer+Anim.h */,
				663A8BAA1EB2EA3E00CD49C1 /* CALayer+Anim.m */,
			);
			path = Category;
			sourceTree = "<group>";
		};
		663A8BAB1EB2EA3E00CD49C1 /* Const */ = {
			isa = PBXGroup;
			children = (
				663A8BAC1EB2EA3E00CD49C1 /* CoreLockConst.h */,
				663A8BAD1EB2EA3E00CD49C1 /* CoreLockConst.m */,
			);
			path = Const;
			sourceTree = "<group>";
		};
		663A8BAE1EB2EA3E00CD49C1 /* Controller */ = {
			isa = PBXGroup;
			children = (
				663A8BAF1EB2EA3E00CD49C1 /* CLLockNavVC.h */,
				663A8BB01EB2EA3E00CD49C1 /* CLLockNavVC.m */,
			);
			path = Controller;
			sourceTree = "<group>";
		};
		663A8BB11EB2EA3E00CD49C1 /* View */ = {
			isa = PBXGroup;
			children = (
				663A8BB21EB2EA3E00CD49C1 /* CLLockInfoView.h */,
				663A8BB31EB2EA3E00CD49C1 /* CLLockInfoView.m */,
				663A8BB41EB2EA3E00CD49C1 /* CLLockItemView.h */,
				663A8BB51EB2EA3E00CD49C1 /* CLLockItemView.m */,
				663A8BB61EB2EA3E00CD49C1 /* CLLockLabel.h */,
				663A8BB71EB2EA3E00CD49C1 /* CLLockLabel.m */,
				663A8BB81EB2EA3E00CD49C1 /* CLLockMainView.h */,
				663A8BB91EB2EA3E00CD49C1 /* CLLockMainView.m */,
				663A8BBA1EB2EA3E00CD49C1 /* CLLockView.h */,
				663A8BBB1EB2EA3E00CD49C1 /* CLLockView.m */,
			);
			path = View;
			sourceTree = "<group>";
		};
		663A8BBC1EB2EA3E00CD49C1 /* FrameWork */ = {
			isa = PBXGroup;
			children = (
				663A8BBD1EB2EA3E00CD49C1 /* CoreArchive */,
				663A8BC31EB2EA3E00CD49C1 /* CoreExtend */,
			);
			path = FrameWork;
			sourceTree = "<group>";
		};
		663A8BBD1EB2EA3E00CD49C1 /* CoreArchive */ = {
			isa = PBXGroup;
			children = (
				663A8BBE1EB2EA3E00CD49C1 /* Category */,
				663A8BC11EB2EA3E00CD49C1 /* CoreArchive.h */,
				663A8BC21EB2EA3E00CD49C1 /* CoreArchive.m */,
			);
			path = CoreArchive;
			sourceTree = "<group>";
		};
		663A8BBE1EB2EA3E00CD49C1 /* Category */ = {
			isa = PBXGroup;
			children = (
				663A8BBF1EB2EA3E00CD49C1 /* NSString+File.h */,
				663A8BC01EB2EA3E00CD49C1 /* NSString+File.m */,
			);
			path = Category;
			sourceTree = "<group>";
		};
		663A8BC31EB2EA3E00CD49C1 /* CoreExtend */ = {
			isa = PBXGroup;
			children = (
				663A8BC41EB2EA3E00CD49C1 /* CoreConst.h */,
			);
			path = CoreExtend;
			sourceTree = "<group>";
		};
		6666F2FF1DC9E32B00527880 /* NotificationServiceTrue */ = {
			isa = PBXGroup;
			children = (
				6666F3001DC9E32B00527880 /* NotificationService.h */,
				6666F3011DC9E32B00527880 /* NotificationService.m */,
				6666F3031DC9E32B00527880 /* Info.plist */,
			);
			name = NotificationServiceTrue;
			path = ../NotificationServiceTrue;
			sourceTree = "<group>";
		};
		667DAE751EA8A49800B7D97E /* image */ = {
			isa = PBXGroup;
			children = (
				66FC094F1EBB0205001093A0 /* left.png */,
				664BE2301EB9836700E92277 /* 2208的副本.png */,
				6610AFC01F5E7A81000D0BE3 /* 58.png */,
			);
			name = image;
			sourceTree = "<group>";
		};
		66B1FE571F455FDE00F5A7AB /* UMSocial */ = {
			isa = PBXGroup;
			children = (
				66B1FE581F455FDE00F5A7AB /* SocialLibraries */,
				66B1FE621F455FDE00F5A7AB /* UMSocialSDK */,
				66B1FE661F455FDE00F5A7AB /* UMSocialSDKPlugin */,
				66B1FE681F455FDE00F5A7AB /* UMSocialUI */,
			);
			path = UMSocial;
			sourceTree = "<group>";
		};
		66B1FE581F455FDE00F5A7AB /* SocialLibraries */ = {
			isa = PBXGroup;
			children = (
				66B1FE591F455FDE00F5A7AB /* QQ */,
				66B1FE5C1F455FDE00F5A7AB /* Sina */,
				66B1FE5F1F455FDE00F5A7AB /* WeChat */,
			);
			path = SocialLibraries;
			sourceTree = "<group>";
		};
		66B1FE591F455FDE00F5A7AB /* QQ */ = {
			isa = PBXGroup;
			children = (
				66B1FE5A1F455FDE00F5A7AB /* libSocialQQ.a */,
				66B1FE5B1F455FDE00F5A7AB /* UMSocialQQHandler.h */,
			);
			path = QQ;
			sourceTree = "<group>";
		};
		66B1FE5C1F455FDE00F5A7AB /* Sina */ = {
			isa = PBXGroup;
			children = (
				66B1FE5D1F455FDE00F5A7AB /* libSocialSina.a */,
				66B1FE5E1F455FDE00F5A7AB /* UMSocialSinaHandler.h */,
			);
			path = Sina;
			sourceTree = "<group>";
		};
		66B1FE5F1F455FDE00F5A7AB /* WeChat */ = {
			isa = PBXGroup;
			children = (
				66B1FE601F455FDE00F5A7AB /* libSocialWeChat.a */,
				66B1FE611F455FDE00F5A7AB /* UMSocialWechatHandler.h */,
			);
			path = WeChat;
			sourceTree = "<group>";
		};
		66B1FE621F455FDE00F5A7AB /* UMSocialSDK */ = {
			isa = PBXGroup;
			children = (
				66B1FE631F455FDE00F5A7AB /* UMSocialCore.framework */,
				66B1FE641F455FDE00F5A7AB /* UMSocialNetwork.framework */,
				66B1FE651F455FDE00F5A7AB /* UMSocialSDKPromptResources.bundle */,
			);
			path = UMSocialSDK;
			sourceTree = "<group>";
		};
		66B1FE661F455FDE00F5A7AB /* UMSocialSDKPlugin */ = {
			isa = PBXGroup;
			children = (
				66B1FE671F455FDE00F5A7AB /* libUMSocialLog.a */,
			);
			path = UMSocialSDKPlugin;
			sourceTree = "<group>";
		};
		66B1FE681F455FDE00F5A7AB /* UMSocialUI */ = {
			isa = PBXGroup;
			children = (
				66B1FE691F455FDE00F5A7AB /* UMSocialSDKResources.bundle */,
				66B1FE6A1F455FDE00F5A7AB /* UShareUI.framework */,
			);
			path = UMSocialUI;
			sourceTree = "<group>";
		};
		66C7E29698C6237DDA8E8893 /* Pods */ = {
			isa = PBXGroup;
			children = (
				576CD6B3704E84208FEFFF1A /* Pods.debug.xcconfig */,
				5BDF35A96AF9A487972C1CB5 /* Pods.release.xcconfig */,
			);
			name = Pods;
			sourceTree = "<group>";
		};
		66D496E81D938164005B91D5 /* Utilities */ = {
			isa = PBXGroup;
			children = (
				66D56E301D9B651600D14E31 /* index.html */,
				66D496EB1D938972005B91D5 /* HttpManager.h */,
				66D496EC1D938972005B91D5 /* HttpManager.m */,
				66D496F31D938972005B91D5 /* QFLineLabel.h */,
				66D496F41D938972005B91D5 /* QFLineLabel.m */,
				66D496E91D9381B5005B91D5 /* Define.h */,
				66D496EA1D93839C005B91D5 /* PrefixHeader.pch */,
				66C9A7BD1DB086070039FD61 /* ScroLabelView.h */,
				66C9A7BE1DB086070039FD61 /* ScroLabelView.m */,
			);
			name = Utilities;
			sourceTree = "<group>";
		};
/* End PBXGroup section */

/* Begin PBXNativeTarget section */
		662119851D87DF28007646C0 /* WKWebViewTest */ = {
			isa = PBXNativeTarget;
			buildConfigurationList = 662119B31D87DF29007646C0 /* Build configuration list for PBXNativeTarget "WKWebViewTest" */;
			buildPhases = (
				AAA449E24CDCC8008543D606 /* Check Pods Manifest.lock */,
				662119821D87DF28007646C0 /* Sources */,
				662119831D87DF28007646C0 /* Frameworks */,
				662119841D87DF28007646C0 /* Resources */,
				3772827404E174A02251067F /* Embed Pods Frameworks */,
				7CAB760AAB3C00188C8AE7E1 /* Copy Pods Resources */,
				6666F30A1DC9E32B00527880 /* Embed App Extensions */,
			);
			buildRules = (
			);
			dependencies = (
				6666F3051DC9E32B00527880 /* PBXTargetDependency */,
			);
			name = WKWebViewTest;
			productName = WKWebViewTest;
			productReference = 662119861D87DF28007646C0 /* WKWebViewTest.app */;
			productType = "com.apple.product-type.application";
		};
		6621199E1D87DF29007646C0 /* WKWebViewTestTests */ = {
			isa = PBXNativeTarget;
			buildConfigurationList = 662119B61D87DF29007646C0 /* Build configuration list for PBXNativeTarget "WKWebViewTestTests" */;
			buildPhases = (
				6621199B1D87DF29007646C0 /* Sources */,
				6621199C1D87DF29007646C0 /* Frameworks */,
				6621199D1D87DF29007646C0 /* Resources */,
			);
			buildRules = (
			);
			dependencies = (
				662119A11D87DF29007646C0 /* PBXTargetDependency */,
			);
			name = WKWebViewTestTests;
			productName = WKWebViewTestTests;
			productReference = 6621199F1D87DF29007646C0 /* WKWebViewTestTests.xctest */;
			productType = "com.apple.product-type.bundle.unit-test";
		};
		662119A91D87DF29007646C0 /* WKWebViewTestUITests */ = {
			isa = PBXNativeTarget;
			buildConfigurationList = 662119B91D87DF29007646C0 /* Build configuration list for PBXNativeTarget "WKWebViewTestUITests" */;
			buildPhases = (
				662119A61D87DF29007646C0 /* Sources */,
				662119A71D87DF29007646C0 /* Frameworks */,
				662119A81D87DF29007646C0 /* Resources */,
			);
			buildRules = (
			);
			dependencies = (
				662119AC1D87DF29007646C0 /* PBXTargetDependency */,
			);
			name = WKWebViewTestUITests;
			productName = WKWebViewTestUITests;
			productReference = 662119AA1D87DF29007646C0 /* WKWebViewTestUITests.xctest */;
			productType = "com.apple.product-type.bundle.ui-testing";
		};
		6666F2FD1DC9E32B00527880 /* NotificationServiceTrue */ = {
			isa = PBXNativeTarget;
			buildConfigurationList = 6666F3071DC9E32B00527880 /* Build configuration list for PBXNativeTarget "NotificationServiceTrue" */;
			buildPhases = (
				6666F2FA1DC9E32B00527880 /* Sources */,
				6666F2FB1DC9E32B00527880 /* Frameworks */,
				6666F2FC1DC9E32B00527880 /* Resources */,
			);
			buildRules = (
			);
			dependencies = (
			);
			name = NotificationServiceTrue;
			productName = NotificationServiceTrue;
			productReference = 6666F2FE1DC9E32B00527880 /* NotificationServiceTrue.appex */;
			productType = "com.apple.product-type.app-extension";
		};
/* End PBXNativeTarget section */

/* Begin PBXProject section */
		6621197E1D87DF28007646C0 /* Project object */ = {
			isa = PBXProject;
			attributes = {
				LastUpgradeCheck = 0800;
				ORGANIZATIONNAME = "杨晨晨";
				TargetAttributes = {
					662119851D87DF28007646C0 = {
						CreatedOnToolsVersion = 7.3.1;
						DevelopmentTeam = Y9SASA4RPU;
						ProvisioningStyle = Automatic;
						SystemCapabilities = {
							com.apple.BackgroundModes = {
								enabled = 1;
							};
							com.apple.Push = {
								enabled = 1;
							};
						};
					};
					6621199E1D87DF29007646C0 = {
						CreatedOnToolsVersion = 7.3.1;
						DevelopmentTeam = Y9SASA4RPU;
						ProvisioningStyle = Automatic;
						TestTargetID = 662119851D87DF28007646C0;
					};
					662119A91D87DF29007646C0 = {
						CreatedOnToolsVersion = 7.3.1;
						DevelopmentTeam = Y9SASA4RPU;
						ProvisioningStyle = Automatic;
						TestTargetID = 662119851D87DF28007646C0;
					};
					6666F2FD1DC9E32B00527880 = {
						CreatedOnToolsVersion = 8.0;
						DevelopmentTeam = Y9SASA4RPU;
						ProvisioningStyle = Automatic;
					};
				};
			};
			buildConfigurationList = 662119811D87DF28007646C0 /* Build configuration list for PBXProject "WKWebViewTest" */;
			compatibilityVersion = "Xcode 3.2";
			developmentRegion = English;
			hasScannedForEncodings = 0;
			knownRegions = (
				Base,
			);
			mainGroup = 6621197D1D87DF28007646C0;
			productRefGroup = 662119871D87DF28007646C0 /* Products */;
			projectDirPath = "";
			projectRoot = "";
			targets = (
				662119851D87DF28007646C0 /* WKWebViewTest */,
				6621199E1D87DF29007646C0 /* WKWebViewTestTests */,
				662119A91D87DF29007646C0 /* WKWebViewTestUITests */,
				6666F2FD1DC9E32B00527880 /* NotificationServiceTrue */,
			);
		};
/* End PBXProject section */

/* Begin PBXResourcesBuildPhase section */
		662119841D87DF28007646C0 /* Resources */ = {
			isa = PBXResourcesBuildPhase;
			buildActionMask = 2147483647;
			files = (
				66243B021DB8594700C704AF /* InfoPlist.strings in Resources */,
				66DFFDEE1D9518DB004DCAA8 /* Images.xcassets in Resources */,
				66FC09501EBB0205001093A0 /* left.png in Resources */,
				663A8BC61EB2EA3E00CD49C1 /* CLLockVC.xib in Resources */,
				66B1FE721F455FDE00F5A7AB /* UMSocialSDKResources.bundle in Resources */,
				66D16FE41E84C55900ED77F2 /* login.html in Resources */,
				66D56E311D9B651600D14E31 /* index.html in Resources */,
				66243B051DB8596300C704AF /* Localizable.strings in Resources */,
				6610AFC11F5E7A81000D0BE3 /* 58.png in Resources */,
				66B1FE701F455FDE00F5A7AB /* UMSocialSDKPromptResources.bundle in Resources */,
				667DAE801EAA03F000B7D97E /* Main.strings in Resources */,
				660200C81EA70C7000639103 /* ReleaseNotes.txt in Resources */,
				662119961D87DF28007646C0 /* Assets.xcassets in Resources */,
				664BE2311EB9836800E92277 /* 2208的副本.png in Resources */,
			);
			runOnlyForDeploymentPostprocessing = 0;
		};
		6621199D1D87DF29007646C0 /* Resources */ = {
			isa = PBXResourcesBuildPhase;
			buildActionMask = 2147483647;
			files = (
			);
			runOnlyForDeploymentPostprocessing = 0;
		};
		662119A81D87DF29007646C0 /* Resources */ = {
			isa = PBXResourcesBuildPhase;
			buildActionMask = 2147483647;
			files = (
			);
			runOnlyForDeploymentPostprocessing = 0;
		};
		6666F2FC1DC9E32B00527880 /* Resources */ = {
			isa = PBXResourcesBuildPhase;
			buildActionMask = 2147483647;
			files = (
			);
			runOnlyForDeploymentPostprocessing = 0;
		};
/* End PBXResourcesBuildPhase section */

/* Begin PBXShellScriptBuildPhase section */
		3772827404E174A02251067F /* Embed Pods Frameworks */ = {
			isa = PBXShellScriptBuildPhase;
			buildActionMask = 2147483647;
			files = (
			);
			inputPaths = (
			);
			name = "Embed Pods Frameworks";
			outputPaths = (
			);
			runOnlyForDeploymentPostprocessing = 0;
			shellPath = /bin/sh;
			shellScript = "\"${SRCROOT}/Pods/Target Support Files/Pods/Pods-frameworks.sh\"\n";
			showEnvVarsInLog = 0;
		};
		7CAB760AAB3C00188C8AE7E1 /* Copy Pods Resources */ = {
			isa = PBXShellScriptBuildPhase;
			buildActionMask = 2147483647;
			files = (
			);
			inputPaths = (
			);
			name = "Copy Pods Resources";
			outputPaths = (
			);
			runOnlyForDeploymentPostprocessing = 0;
			shellPath = /bin/sh;
			shellScript = "\"${SRCROOT}/Pods/Target Support Files/Pods/Pods-resources.sh\"\n";
			showEnvVarsInLog = 0;
		};
		AAA449E24CDCC8008543D606 /* Check Pods Manifest.lock */ = {
			isa = PBXShellScriptBuildPhase;
			buildActionMask = 2147483647;
			files = (
			);
			inputPaths = (
			);
			name = "Check Pods Manifest.lock";
			outputPaths = (
			);
			runOnlyForDeploymentPostprocessing = 0;
			shellPath = /bin/sh;
			shellScript = "diff \"${PODS_ROOT}/../Podfile.lock\" \"${PODS_ROOT}/Manifest.lock\" > /dev/null\nif [[ $? != 0 ]] ; then\n    cat << EOM\nerror: The sandbox is not in sync with the Podfile.lock. Run 'pod install' or update your CocoaPods installation.\nEOM\n    exit 1\nfi\n";
			showEnvVarsInLog = 0;
		};
/* End PBXShellScriptBuildPhase section */

/* Begin PBXSourcesBuildPhase section */
		662119821D87DF28007646C0 /* Sources */ = {
			isa = PBXSourcesBuildPhase;
			buildActionMask = 2147483647;
			files = (
				663A8BCC1EB2EA3E00CD49C1 /* CLLockLabel.m in Sources */,
				66C9A7BF1DB086070039FD61 /* ScroLabelView.m in Sources */,
				662119911D87DF28007646C0 /* ViewController.m in Sources */,
				663A8BCE1EB2EA3E00CD49C1 /* CLLockView.m in Sources */,
				663A8BCD1EB2EA3E00CD49C1 /* CLLockMainView.m in Sources */,
				663A8BC81EB2EA3E00CD49C1 /* CoreLockConst.m in Sources */,
				6621198E1D87DF28007646C0 /* AppDelegate.m in Sources */,
				6621198B1D87DF28007646C0 /* main.m in Sources */,
				66BF092F1DC0779600B45028 /* NextViewController.m in Sources */,
				663A8BCA1EB2EA3E00CD49C1 /* CLLockInfoView.m in Sources */,
				663A8BC91EB2EA3E00CD49C1 /* CLLockNavVC.m in Sources */,
				667DAE7A1EA8B9D400B7D97E /* notificationViewController.m in Sources */,
				66D496F51D938972005B91D5 /* HttpManager.m in Sources */,
				663A8BCF1EB2EA3E00CD49C1 /* NSString+File.m in Sources */,
				663A8BC51EB2EA3E00CD49C1 /* CLLockVC.m in Sources */,
				663A8BD01EB2EA3E00CD49C1 /* CoreArchive.m in Sources */,
				663A8BCB1EB2EA3E00CD49C1 /* CLLockItemView.m in Sources */,
				663A8BC71EB2EA3E00CD49C1 /* CALayer+Anim.m in Sources */,
				6629EE7A1F4566910091A660 /* rootViewController.m in Sources */,
				66D496F91D938972005B91D5 /* QFLineLabel.m in Sources */,
			);
			runOnlyForDeploymentPostprocessing = 0;
		};
		6621199B1D87DF29007646C0 /* Sources */ = {
			isa = PBXSourcesBuildPhase;
			buildActionMask = 2147483647;
			files = (
				662119A41D87DF29007646C0 /* WKWebViewTestTests.m in Sources */,
			);
			runOnlyForDeploymentPostprocessing = 0;
		};
		662119A61D87DF29007646C0 /* Sources */ = {
			isa = PBXSourcesBuildPhase;
			buildActionMask = 2147483647;
			files = (
				6602EFCD1D88EAB60072570D /* ViewController.m in Sources */,
				662119AF1D87DF29007646C0 /* WKWebViewTestUITests.m in Sources */,
			);
			runOnlyForDeploymentPostprocessing = 0;
		};
		6666F2FA1DC9E32B00527880 /* Sources */ = {
			isa = PBXSourcesBuildPhase;
			buildActionMask = 2147483647;
			files = (
				6666F3021DC9E32B00527880 /* NotificationService.m in Sources */,
			);
			runOnlyForDeploymentPostprocessing = 0;
		};
/* End PBXSourcesBuildPhase section */

/* Begin PBXTargetDependency section */
		662119A11D87DF29007646C0 /* PBXTargetDependency */ = {
			isa = PBXTargetDependency;
			target = 662119851D87DF28007646C0 /* WKWebViewTest */;
			targetProxy = 662119A01D87DF29007646C0 /* PBXContainerItemProxy */;
		};
		662119AC1D87DF29007646C0 /* PBXTargetDependency */ = {
			isa = PBXTargetDependency;
			target = 662119851D87DF28007646C0 /* WKWebViewTest */;
			targetProxy = 662119AB1D87DF29007646C0 /* PBXContainerItemProxy */;
		};
		6666F3051DC9E32B00527880 /* PBXTargetDependency */ = {
			isa = PBXTargetDependency;
			target = 6666F2FD1DC9E32B00527880 /* NotificationServiceTrue */;
			targetProxy = 6666F3041DC9E32B00527880 /* PBXContainerItemProxy */;
		};
/* End PBXTargetDependency section */

/* Begin PBXVariantGroup section */
		66243B041DB8594700C704AF /* InfoPlist.strings */ = {
			isa = PBXVariantGroup;
			children = (
				66243B031DB8594700C704AF /* zh-Hans */,
			);
			name = InfoPlist.strings;
			sourceTree = "<group>";
		};
		66243B071DB8596300C704AF /* Localizable.strings */ = {
			isa = PBXVariantGroup;
			children = (
				66243B061DB8596300C704AF /* zh-Hans */,
			);
			name = Localizable.strings;
			sourceTree = "<group>";
		};
/* End PBXVariantGroup section */

/* Begin XCBuildConfiguration section */
		662119B11D87DF29007646C0 /* Debug */ = {
			isa = XCBuildConfiguration;
			buildSettings = {
				ALWAYS_SEARCH_USER_PATHS = NO;
				CLANG_ANALYZER_LOCALIZABILITY_NONLOCALIZED = YES;
				CLANG_ANALYZER_NONNULL = YES;
				CLANG_CXX_LANGUAGE_STANDARD = "gnu++0x";
				CLANG_CXX_LIBRARY = "libc++";
				CLANG_ENABLE_MODULES = YES;
				CLANG_ENABLE_OBJC_ARC = YES;
				CLANG_WARN_BOOL_CONVERSION = YES;
				CLANG_WARN_CONSTANT_CONVERSION = YES;
				CLANG_WARN_DIRECT_OBJC_ISA_USAGE = YES_ERROR;
				CLANG_WARN_EMPTY_BODY = YES;
				CLANG_WARN_ENUM_CONVERSION = YES;
				CLANG_WARN_INFINITE_RECURSION = YES;
				CLANG_WARN_INT_CONVERSION = YES;
				CLANG_WARN_OBJC_ROOT_CLASS = YES_ERROR;
				CLANG_WARN_SUSPICIOUS_MOVE = YES;
				CLANG_WARN_UNREACHABLE_CODE = YES;
				CLANG_WARN__DUPLICATE_METHOD_MATCH = YES;
				CODE_SIGN_IDENTITY = "";
				"CODE_SIGN_IDENTITY[sdk=iphoneos*]" = "";
				COPY_PHASE_STRIP = NO;
				DEBUG_INFORMATION_FORMAT = dwarf;
				ENABLE_STRICT_OBJC_MSGSEND = YES;
				ENABLE_TESTABILITY = YES;
				GCC_C_LANGUAGE_STANDARD = gnu99;
				GCC_DYNAMIC_NO_PIC = NO;
				GCC_NO_COMMON_BLOCKS = YES;
				GCC_OPTIMIZATION_LEVEL = 0;
				GCC_PREPROCESSOR_DEFINITIONS = (
					"DEBUG=1",
					"$(inherited)",
				);
				GCC_WARN_64_TO_32_BIT_CONVERSION = YES;
				GCC_WARN_ABOUT_RETURN_TYPE = YES_ERROR;
				GCC_WARN_UNDECLARED_SELECTOR = YES;
				GCC_WARN_UNINITIALIZED_AUTOS = YES_AGGRESSIVE;
				GCC_WARN_UNUSED_FUNCTION = YES;
				GCC_WARN_UNUSED_VARIABLE = YES;
				IPHONEOS_DEPLOYMENT_TARGET = 8.3;
				MTL_ENABLE_DEBUG_INFO = YES;
				ONLY_ACTIVE_ARCH = YES;
				PROVISIONING_PROFILE = "add07699-5c1d-423c-8ef5-c202805eaebe";
				SDKROOT = iphoneos;
			};
			name = Debug;
		};
		662119B21D87DF29007646C0 /* Release */ = {
			isa = XCBuildConfiguration;
			buildSettings = {
				ALWAYS_SEARCH_USER_PATHS = NO;
				CLANG_ANALYZER_LOCALIZABILITY_NONLOCALIZED = YES;
				CLANG_ANALYZER_NONNULL = YES;
				CLANG_CXX_LANGUAGE_STANDARD = "gnu++0x";
				CLANG_CXX_LIBRARY = "libc++";
				CLANG_ENABLE_MODULES = YES;
				CLANG_ENABLE_OBJC_ARC = YES;
				CLANG_WARN_BOOL_CONVERSION = YES;
				CLANG_WARN_CONSTANT_CONVERSION = YES;
				CLANG_WARN_DIRECT_OBJC_ISA_USAGE = YES_ERROR;
				CLANG_WARN_EMPTY_BODY = YES;
				CLANG_WARN_ENUM_CONVERSION = YES;
				CLANG_WARN_INFINITE_RECURSION = YES;
				CLANG_WARN_INT_CONVERSION = YES;
				CLANG_WARN_OBJC_ROOT_CLASS = YES_ERROR;
				CLANG_WARN_SUSPICIOUS_MOVE = YES;
				CLANG_WARN_UNREACHABLE_CODE = YES;
				CLANG_WARN__DUPLICATE_METHOD_MATCH = YES;
				CODE_SIGN_IDENTITY = "";
				"CODE_SIGN_IDENTITY[sdk=iphoneos*]" = "";
				COPY_PHASE_STRIP = NO;
				DEBUG_INFORMATION_FORMAT = "dwarf-with-dsym";
				ENABLE_NS_ASSERTIONS = NO;
				ENABLE_STRICT_OBJC_MSGSEND = YES;
				GCC_C_LANGUAGE_STANDARD = gnu99;
				GCC_NO_COMMON_BLOCKS = YES;
				GCC_WARN_64_TO_32_BIT_CONVERSION = YES;
				GCC_WARN_ABOUT_RETURN_TYPE = YES_ERROR;
				GCC_WARN_UNDECLARED_SELECTOR = YES;
				GCC_WARN_UNINITIALIZED_AUTOS = YES_AGGRESSIVE;
				GCC_WARN_UNUSED_FUNCTION = YES;
				GCC_WARN_UNUSED_VARIABLE = YES;
				IPHONEOS_DEPLOYMENT_TARGET = 8.3;
				MTL_ENABLE_DEBUG_INFO = NO;
				PROVISIONING_PROFILE = "add07699-5c1d-423c-8ef5-c202805eaebe";
				SDKROOT = iphoneos;
				VALIDATE_PRODUCT = YES;
			};
			name = Release;
		};
		662119B41D87DF29007646C0 /* Debug */ = {
			isa = XCBuildConfiguration;
			baseConfigurationReference = 576CD6B3704E84208FEFFF1A /* Pods.debug.xcconfig */;
			buildSettings = {
				ASSETCATALOG_COMPILER_APPICON_NAME = AppIcon;
				ASSETCATALOG_COMPILER_LAUNCHIMAGE_NAME = LaunchImage;
				CODE_SIGN_ENTITLEMENTS = WKWebViewTest/WKWebViewTest.entitlements;
				CODE_SIGN_IDENTITY = "iPhone Distribution: Shenzhen Piaojinsuo  Financial Services Inc (Y9SASA4RPU)";
				"CODE_SIGN_IDENTITY[sdk=iphoneos*]" = "iPhone Developer";
				DEVELOPMENT_TEAM = Y9SASA4RPU;
				ENABLE_BITCODE = YES;
				FRAMEWORK_SEARCH_PATHS = (
					"$(SRCROOT)/UMSocial/UMSocialSDK",
					"$(SRCROOT)/UMSocial/UMSocialUI",
				);
				GCC_PRECOMPILE_PREFIX_HEADER = YES;
				GCC_PREFIX_HEADER = "$(SRCROOT)/PrefixHeader.pch";
				HEADER_SEARCH_PATHS = (
					"$(inherited)",
					"\"${PODS_ROOT}/Headers/Public\"",
					"\"${PODS_ROOT}/Headers/Public/AFNetworking\"",
					"\"${PODS_ROOT}/Headers/Public/IQKeyboardManager\"",
					"\"${PODS_ROOT}/Headers/Public/MBProgressHUD\"",
				);
				INFOPLIST_FILE = WKWebViewTest/Info.plist;
				IPHONEOS_DEPLOYMENT_TARGET = 8.0;
				LD_RUNPATH_SEARCH_PATHS = "$(inherited) @executable_path/Frameworks";
				LIBRARY_SEARCH_PATHS = (
					"$(inherited)",
					"$(PROJECT_DIR)/WKWebViewTest/sdk",
					"$(PROJECT_DIR)/sdk",
					"$(PROJECT_DIR)/sdk/UMSocial/SocialLibraries/QQ",
					"$(PROJECT_DIR)/sdk/UMSocial/SocialLibraries/Sina",
					"$(PROJECT_DIR)/sdk/UMSocial/SocialLibraries/WeChat",
					"$(PROJECT_DIR)/sdk/UMSocial/UMSocialSDKPlugin",
					"$(PROJECT_DIR)/UMSocial/SocialLibraries/QQ",
					"$(PROJECT_DIR)/UMSocial/SocialLibraries/Sina",
					"$(PROJECT_DIR)/UMSocial/SocialLibraries/WeChat",
					"$(PROJECT_DIR)/UMSocial/UMSocialSDKPlugin",
				);
				NEW_SETTING = "";
				OTHER_LDFLAGS = (
					"$(inherited)",
					"-ObjC",
				);
				PRODUCT_BUNDLE_IDENTIFIER = com.webpiaojinsuo;
				PRODUCT_NAME = "$(TARGET_NAME)";
				PROVISIONING_PROFILE = "";
				PROVISIONING_PROFILE_SPECIFIER = "";
				TARGETED_DEVICE_FAMILY = 1;
				USER_HEADER_SEARCH_PATHS = "${SRCROOT}/**";
			};
			name = Debug;
		};
		662119B51D87DF29007646C0 /* Release */ = {
			isa = XCBuildConfiguration;
			baseConfigurationReference = 5BDF35A96AF9A487972C1CB5 /* Pods.release.xcconfig */;
			buildSettings = {
				ASSETCATALOG_COMPILER_APPICON_NAME = AppIcon;
				ASSETCATALOG_COMPILER_LAUNCHIMAGE_NAME = LaunchImage;
				CODE_SIGN_ENTITLEMENTS = WKWebViewTest/WKWebViewTest.entitlements;
				CODE_SIGN_IDENTITY = "iPhone Distribution: Shenzhen Piaojinsuo  Financial Services Inc (Y9SASA4RPU)";
				"CODE_SIGN_IDENTITY[sdk=iphoneos*]" = "iPhone Developer";
				DEVELOPMENT_TEAM = Y9SASA4RPU;
				ENABLE_BITCODE = YES;
				FRAMEWORK_SEARCH_PATHS = (
					"$(SRCROOT)/UMSocial/UMSocialSDK",
					"$(SRCROOT)/UMSocial/UMSocialUI",
				);
				GCC_PRECOMPILE_PREFIX_HEADER = YES;
				GCC_PREFIX_HEADER = "$(SRCROOT)/PrefixHeader.pch";
				HEADER_SEARCH_PATHS = (
					"$(inherited)",
					"\"${PODS_ROOT}/Headers/Public\"",
					"\"${PODS_ROOT}/Headers/Public/AFNetworking\"",
					"\"${PODS_ROOT}/Headers/Public/IQKeyboardManager\"",
					"\"${PODS_ROOT}/Headers/Public/MBProgressHUD\"",
				);
				INFOPLIST_FILE = WKWebViewTest/Info.plist;
				IPHONEOS_DEPLOYMENT_TARGET = 8.0;
				LD_RUNPATH_SEARCH_PATHS = "$(inherited) @executable_path/Frameworks";
				LIBRARY_SEARCH_PATHS = (
					"$(inherited)",
					"$(PROJECT_DIR)/WKWebViewTest/sdk",
					"$(PROJECT_DIR)/sdk",
					"$(PROJECT_DIR)/sdk/UMSocial/SocialLibraries/QQ",
					"$(PROJECT_DIR)/sdk/UMSocial/SocialLibraries/Sina",
					"$(PROJECT_DIR)/sdk/UMSocial/SocialLibraries/WeChat",
					"$(PROJECT_DIR)/sdk/UMSocial/UMSocialSDKPlugin",
					"$(PROJECT_DIR)/UMSocial/SocialLibraries/QQ",
					"$(PROJECT_DIR)/UMSocial/SocialLibraries/Sina",
					"$(PROJECT_DIR)/UMSocial/SocialLibraries/WeChat",
					"$(PROJECT_DIR)/UMSocial/UMSocialSDKPlugin",
				);
				NEW_SETTING = "";
				OTHER_LDFLAGS = (
					"$(inherited)",
					"-ObjC",
				);
				PRODUCT_BUNDLE_IDENTIFIER = com.webpiaojinsuo;
				PRODUCT_NAME = "$(TARGET_NAME)";
				PROVISIONING_PROFILE = "";
				PROVISIONING_PROFILE_SPECIFIER = "";
				TARGETED_DEVICE_FAMILY = 1;
				USER_HEADER_SEARCH_PATHS = "${SRCROOT}/**";
			};
			name = Release;
		};
		662119B71D87DF29007646C0 /* Debug */ = {
			isa = XCBuildConfiguration;
			buildSettings = {
				BUNDLE_LOADER = "$(TEST_HOST)";
				"CODE_SIGN_IDENTITY[sdk=iphoneos*]" = "iPhone Developer";
				DEVELOPMENT_TEAM = Y9SASA4RPU;
				INFOPLIST_FILE = WKWebViewTestTests/Info.plist;
				LD_RUNPATH_SEARCH_PATHS = "$(inherited) @executable_path/Frameworks @loader_path/Frameworks";
				PRODUCT_BUNDLE_IDENTIFIER = "---.WKWebViewTestTests";
				PRODUCT_NAME = "$(TARGET_NAME)";
				PROVISIONING_PROFILE = "";
				PROVISIONING_PROFILE_SPECIFIER = "";
				TEST_HOST = "$(BUILT_PRODUCTS_DIR)/WKWebViewTest.app/WKWebViewTest";
			};
			name = Debug;
		};
		662119B81D87DF29007646C0 /* Release */ = {
			isa = XCBuildConfiguration;
			buildSettings = {
				BUNDLE_LOADER = "$(TEST_HOST)";
				"CODE_SIGN_IDENTITY[sdk=iphoneos*]" = "iPhone Developer";
				DEVELOPMENT_TEAM = Y9SASA4RPU;
				INFOPLIST_FILE = WKWebViewTestTests/Info.plist;
				LD_RUNPATH_SEARCH_PATHS = "$(inherited) @executable_path/Frameworks @loader_path/Frameworks";
				PRODUCT_BUNDLE_IDENTIFIER = "---.WKWebViewTestTests";
				PRODUCT_NAME = "$(TARGET_NAME)";
				PROVISIONING_PROFILE = "";
				PROVISIONING_PROFILE_SPECIFIER = "";
				TEST_HOST = "$(BUILT_PRODUCTS_DIR)/WKWebViewTest.app/WKWebViewTest";
			};
			name = Release;
		};
		662119BA1D87DF29007646C0 /* Debug */ = {
			isa = XCBuildConfiguration;
			buildSettings = {
				"CODE_SIGN_IDENTITY[sdk=iphoneos*]" = "iPhone Developer";
				DEVELOPMENT_TEAM = Y9SASA4RPU;
				INFOPLIST_FILE = WKWebViewTestUITests/Info.plist;
				LD_RUNPATH_SEARCH_PATHS = "$(inherited) @executable_path/Frameworks @loader_path/Frameworks";
				PRODUCT_BUNDLE_IDENTIFIER = "---.WKWebViewTestUITests";
				PRODUCT_NAME = "$(TARGET_NAME)";
				PROVISIONING_PROFILE = "";
				PROVISIONING_PROFILE_SPECIFIER = "";
				TEST_TARGET_NAME = WKWebViewTest;
			};
			name = Debug;
		};
		662119BB1D87DF29007646C0 /* Release */ = {
			isa = XCBuildConfiguration;
			buildSettings = {
				"CODE_SIGN_IDENTITY[sdk=iphoneos*]" = "iPhone Developer";
				DEVELOPMENT_TEAM = Y9SASA4RPU;
				INFOPLIST_FILE = WKWebViewTestUITests/Info.plist;
				LD_RUNPATH_SEARCH_PATHS = "$(inherited) @executable_path/Frameworks @loader_path/Frameworks";
				PRODUCT_BUNDLE_IDENTIFIER = "---.WKWebViewTestUITests";
				PRODUCT_NAME = "$(TARGET_NAME)";
				PROVISIONING_PROFILE = "";
				PROVISIONING_PROFILE_SPECIFIER = "";
				TEST_TARGET_NAME = WKWebViewTest;
			};
			name = Release;
		};
		6666F3081DC9E32B00527880 /* Debug */ = {
			isa = XCBuildConfiguration;
			buildSettings = {
				CLANG_WARN_DOCUMENTATION_COMMENTS = YES;
				CLANG_WARN_SUSPICIOUS_MOVES = YES;
				CODE_SIGN_IDENTITY = "iPhone Developer";
				"CODE_SIGN_IDENTITY[sdk=iphoneos*]" = "iPhone Developer";
				DEVELOPMENT_TEAM = Y9SASA4RPU;
				ENABLE_BITCODE = YES;
				INFOPLIST_FILE = NotificationServiceTrue/Info.plist;
				IPHONEOS_DEPLOYMENT_TARGET = 10.0;
				LD_RUNPATH_SEARCH_PATHS = "$(inherited) @executable_path/Frameworks @executable_path/../../Frameworks";
				PRODUCT_BUNDLE_IDENTIFIER = com.webpiaojinsuo.NotificationServiceTrue;
				PRODUCT_NAME = "$(TARGET_NAME)";
				PROVISIONING_PROFILE = "";
				PROVISIONING_PROFILE_SPECIFIER = "";
				SKIP_INSTALL = YES;
			};
			name = Debug;
		};
		6666F3091DC9E32B00527880 /* Release */ = {
			isa = XCBuildConfiguration;
			buildSettings = {
				CLANG_WARN_DOCUMENTATION_COMMENTS = YES;
				CLANG_WARN_SUSPICIOUS_MOVES = YES;
				CODE_SIGN_IDENTITY = "iPhone Developer";
				"CODE_SIGN_IDENTITY[sdk=iphoneos*]" = "iPhone Developer";
				DEVELOPMENT_TEAM = Y9SASA4RPU;
				ENABLE_BITCODE = YES;
				INFOPLIST_FILE = NotificationServiceTrue/Info.plist;
				IPHONEOS_DEPLOYMENT_TARGET = 10.0;
				LD_RUNPATH_SEARCH_PATHS = "$(inherited) @executable_path/Frameworks @executable_path/../../Frameworks";
				PRODUCT_BUNDLE_IDENTIFIER = com.webpiaojinsuo.NotificationServiceTrue;
				PRODUCT_NAME = "$(TARGET_NAME)";
				PROVISIONING_PROFILE = "";
				PROVISIONING_PROFILE_SPECIFIER = "";
				SKIP_INSTALL = YES;
			};
			name = Release;
		};
/* End XCBuildConfiguration section */

/* Begin XCConfigurationList section */
		662119811D87DF28007646C0 /* Build configuration list for PBXProject "WKWebViewTest" */ = {
			isa = XCConfigurationList;
			buildConfigurations = (
				662119B11D87DF29007646C0 /* Debug */,
				662119B21D87DF29007646C0 /* Release */,
			);
			defaultConfigurationIsVisible = 0;
			defaultConfigurationName = Release;
		};
		662119B31D87DF29007646C0 /* Build configuration list for PBXNativeTarget "WKWebViewTest" */ = {
			isa = XCConfigurationList;
			buildConfigurations = (
				662119B41D87DF29007646C0 /* Debug */,
				662119B51D87DF29007646C0 /* Release */,
			);
			defaultConfigurationIsVisible = 0;
			defaultConfigurationName = Release;
		};
		662119B61D87DF29007646C0 /* Build configuration list for PBXNativeTarget "WKWebViewTestTests" */ = {
			isa = XCConfigurationList;
			buildConfigurations = (
				662119B71D87DF29007646C0 /* Debug */,
				662119B81D87DF29007646C0 /* Release */,
			);
			defaultConfigurationIsVisible = 0;
			defaultConfigurationName = Release;
		};
		662119B91D87DF29007646C0 /* Build configuration list for PBXNativeTarget "WKWebViewTestUITests" */ = {
			isa = XCConfigurationList;
			buildConfigurations = (
				662119BA1D87DF29007646C0 /* Debug */,
				662119BB1D87DF29007646C0 /* Release */,
			);
			defaultConfigurationIsVisible = 0;
			defaultConfigurationName = Release;
		};
		6666F3071DC9E32B00527880 /* Build configuration list for PBXNativeTarget "NotificationServiceTrue" */ = {
			isa = XCConfigurationList;
			buildConfigurations = (
				6666F3081DC9E32B00527880 /* Debug */,
				6666F3091DC9E32B00527880 /* Release */,
			);
			defaultConfigurationIsVisible = 0;
			defaultConfigurationName = Release;
		};
/* End XCConfigurationList section */
	};
	rootObject = 6621197E1D87DF28007646C0 /* Project object */;
}
